
Microsoft Visual Studio Solution File, Format Version 12.00
# Visual Studio Version 16
VisualStudioVersion = 16.0.29025.244
MinimumVisualStudioVersion = 10.0.40219.1
Project("{FAE04EC0-301F-11D3-BF4B-00C04F79EFBC}") = "Proje4_AdminGiris", "Proje4_AdminGiris\Proje4_AdminGiris.csproj", "{023C4D81-CF99-4CAF-81D4-25C3F0704B6F}"
EndProject
Global
	GlobalSection(SolutionConfigurationPlatforms) = preSolution
		Debug|Any CPU = Debug|Any CPU
		Release|Any CPU = Release|Any CPU
	EndGlobalSection
	GlobalSection(ProjectConfigurationPlatforms) = postSolution
		{023C4D81-CF99-4CAF-81D4-25C3F0704B6F}.Debug|Any CPU.ActiveCfg = Debug|Any CPU
		{023C4D81-CF99-4CAF-81D4-25C3F0704B6F}.Debug|Any CPU.Build.0 = Debug|Any CPU
		{023C4D81-CF99-4CAF-81D4-25C3F0704B6F}.Release|Any CPU.ActiveCfg = Release|Any CPU
		{023C4D81-CF99-4CAF-81D4-25C3F0704B6F}.Release|Any CPU.Build.0 = Release|Any CPU
	EndGlobalSection
	GlobalSection(SolutionProperties) = preSolution
		HideSolutionNode = FALSE
	EndGlobalSection
	GlobalSection(ExtensibilityGlobals) = postSolution
		SolutionGuid = {134CC878-1888-41A9-B9A8-6D2A2673DB7A}
	EndGlobalSection
EndGlobal
